# THIS IS AN AUTOGENERATED FILE. DO NOT EDIT THIS FILE DIRECTLY.
# yarn lockfile v1


angular-oauth2-oidc@^4.0.3:
  version "4.0.3"
  resolved "https://registry.yarnpkg.com/angular-oauth2-oidc/-/angular-oauth2-oidc-4.0.3.tgz#a1441e90c48671f70405b31f518dba426940c92a"
  dependencies:
    jsrsasign "^8.0.12"
    tslib "^1.9.0"

jsrsasign@^8.0.12:
  version "8.0.12"
  resolved "https://registry.yarnpkg.com/jsrsasign/-/jsrsasign-8.0.12.tgz#22abb9656d34a30b9530436720835e89c2e5c316"

ng2-img-cropper@^0.9.0:
  version "0.9.0"
  resolved "https://registry.yarnpkg.com/ng2-img-cropper/-/ng2-img-cropper-0.9.0.tgz#305337e669c4e5adc876d628dcae0bca4d10d1c3"

rxjs-compat@^6.3.2:
  version "6.3.2"
  resolved "https://registry.yarnpkg.com/rxjs-compat/-/rxjs-compat-6.3.2.tgz#2386ade05e693480fdf96f56042a629aef6c5ea5"

tslib@^1.9.0:
  version "1.9.3"
  resolved "https://registry.yarnpkg.com/tslib/-/tslib-1.9.3.tgz#d7e4dd79245d85428c4d7e4822a79917954ca286"
